
Microsoft Visual Studio Solution File, Format Version 12.00
# Visual Studio Version 16
VisualStudioVersion = 16.0.29728.190
MinimumVisualStudioVersion = 10.0.40219.1
Project("{FAE04EC0-301F-11D3-BF4B-00C04F79EFBC}") = "KabuSuteAddin", "KabuSuteAddin.csproj", "{1BE9C8E4-0EDE-4BA5-81D1-C25AE721F365}"
EndProject
Global
	GlobalSection(SolutionConfigurationPlatforms) = preSolution
		Debug|Any CPU = Debug|Any CPU
		Release|Any CPU = Release|Any CPU
	EndGlobalSection
	GlobalSection(ProjectConfigurationPlatforms) = postSolution
		{1BE9C8E4-0EDE-4BA5-81D1-C25AE721F365}.Debug|Any CPU.ActiveCfg = Debug|Any CPU
		{1BE9C8E4-0EDE-4BA5-81D1-C25AE721F365}.Debug|Any CPU.Build.0 = Debug|Any CPU
		{1BE9C8E4-0EDE-4BA5-81D1-C25AE721F365}.Release|Any CPU.ActiveCfg = Release|Any CPU
		{1BE9C8E4-0EDE-4BA5-81D1-C25AE721F365}.Release|Any CPU.Build.0 = Release|Any CPU
	EndGlobalSection
	GlobalSection(SolutionProperties) = preSolution
		HideSolutionNode = FALSE
	EndGlobalSection
	GlobalSection(ExtensibilityGlobals) = postSolution
		SolutionGuid = {01424D7E-053E-4337-B4E2-B84AC4456040}
	EndGlobalSection
EndGlobal
