
Microsoft Visual Studio Solution File, Format Version 12.00
# Visual Studio 15
VisualStudioVersion = 15.0.28307.1321
MinimumVisualStudioVersion = 10.0.40219.1
Project("{FAE04EC0-301F-11D3-BF4B-00C04F79EFBC}") = "CSharp_sample", "CSharp\CSharp_sample.csproj", "{35DFE56C-154D-4757-9B40-B85FDE2DEAB3}"
EndProject
Global
	GlobalSection(SolutionConfigurationPlatforms) = preSolution
		Debug|Any CPU = Debug|Any CPU
		Release|Any CPU = Release|Any CPU
	EndGlobalSection
	GlobalSection(ProjectConfigurationPlatforms) = postSolution
		{35DFE56C-154D-4757-9B40-B85FDE2DEAB3}.Debug|Any CPU.ActiveCfg = Debug|Any CPU
		{35DFE56C-154D-4757-9B40-B85FDE2DEAB3}.Debug|Any CPU.Build.0 = Debug|Any CPU
		{35DFE56C-154D-4757-9B40-B85FDE2DEAB3}.Release|Any CPU.ActiveCfg = Release|Any CPU
		{35DFE56C-154D-4757-9B40-B85FDE2DEAB3}.Release|Any CPU.Build.0 = Release|Any CPU
	EndGlobalSection
	GlobalSection(SolutionProperties) = preSolution
		HideSolutionNode = FALSE
	EndGlobalSection
	GlobalSection(ExtensibilityGlobals) = postSolution
		SolutionGuid = {73F5BDCF-C368-496A-9AD1-6CFDDC2537FB}
	EndGlobalSection
EndGlobal
